
Microsoft Visual Studio Solution File, Format Version 12.00
# Visual Studio Version 17
VisualStudioVersion = 17.3.32929.385
MinimumVisualStudioVersion = 10.0.40219.1
Project("{FAE04EC0-301F-11D3-BF4B-00C04F79EFBC}") = "crudInstituto", "crudInstituto\crudInstituto.csproj", "{6EBBF0C9-70DE-45FF-8AAE-3F5F87B9F724}"
EndProject
Project("{FAE04EC0-301F-11D3-BF4B-00C04F79EFBC}") = "DALcrudInstituto", "DALcrudInstituto\DALcrudInstituto.csproj", "{01ED9BCB-EDEA-4CA8-B8CF-511A45DDD106}"
EndProject
Global
	GlobalSection(SolutionConfigurationPlatforms) = preSolution
		Debug|Any CPU = Debug|Any CPU
		Release|Any CPU = Release|Any CPU
	EndGlobalSection
	GlobalSection(ProjectConfigurationPlatforms) = postSolution
		{6EBBF0C9-70DE-45FF-8AAE-3F5F87B9F724}.Debug|Any CPU.ActiveCfg = Debug|Any CPU
		{6EBBF0C9-70DE-45FF-8AAE-3F5F87B9F724}.Debug|Any CPU.Build.0 = Debug|Any CPU
		{6EBBF0C9-70DE-45FF-8AAE-3F5F87B9F724}.Release|Any CPU.ActiveCfg = Release|Any CPU
		{6EBBF0C9-70DE-45FF-8AAE-3F5F87B9F724}.Release|Any CPU.Build.0 = Release|Any CPU
		{01ED9BCB-EDEA-4CA8-B8CF-511A45DDD106}.Debug|Any CPU.ActiveCfg = Debug|Any CPU
		{01ED9BCB-EDEA-4CA8-B8CF-511A45DDD106}.Debug|Any CPU.Build.0 = Debug|Any CPU
		{01ED9BCB-EDEA-4CA8-B8CF-511A45DDD106}.Release|Any CPU.ActiveCfg = Release|Any CPU
		{01ED9BCB-EDEA-4CA8-B8CF-511A45DDD106}.Release|Any CPU.Build.0 = Release|Any CPU
	EndGlobalSection
	GlobalSection(SolutionProperties) = preSolution
		HideSolutionNode = FALSE
	EndGlobalSection
	GlobalSection(ExtensibilityGlobals) = postSolution
		SolutionGuid = {93D59495-C447-4E6C-BFED-BE6B9B3A0A9A}
	EndGlobalSection
EndGlobal
